// !$*UTF8*$!
{
	archiveVersion = 1;
	classes = {
	};
	objectVersion = 56;
	objects = {

/* Begin PBXBuildFile section */
		1B1F707529F3BD9B00DDA90D /* IBViewController.swift in Sources */ = {isa = PBXBuildFile; fileRef = 1B1F707029F3BD9B00DDA90D /* IBViewController.swift */; };
		1B1F707629F3BD9B00DDA90D /* AppDelegate.swift in Sources */ = {isa = PBXBuildFile; fileRef = 1B1F707129F3BD9B00DDA90D /* AppDelegate.swift */; };
		1B1F707729F3BD9B00DDA90D /* Snippet.swift in Sources */ = {isa = PBXBuildFile; fileRef = 1B1F707229F3BD9B00DDA90D /* Snippet.swift */; };
		1B1F707829F3BD9B00DDA90D /* SnippetsViewController.swift in Sources */ = {isa = PBXBuildFile; fileRef = 1B1F707329F3BD9B00DDA90D /* SnippetsViewController.swift */; };
		1B1F707929F3BD9B00DDA90D /* AttributedLabelDemoViewController.swift in Sources */ = {isa = PBXBuildFile; fileRef = 1B1F707429F3BD9B00DDA90D /* AttributedLabelDemoViewController.swift */; };
		1B1F708129F3BE1500DDA90D /* IB.storyboard in Resources */ = {isa = PBXBuildFile; fileRef = 1B1F707D29F3BE1500DDA90D /* IB.storyboard */; };
		1B1F708229F3BE1500DDA90D /* Assets.xcassets in Resources */ = {isa = PBXBuildFile; fileRef = 1B1F707E29F3BE1500DDA90D /* Assets.xcassets */; };
		1B1F708629F3BE3E00DDA90D /* Atributika in Frameworks */ = {isa = PBXBuildFile; productRef = 1B1F708529F3BE3E00DDA90D /* Atributika */; };
		1B35F6262A025E8F000D0820 /* MarkdownViewController.swift in Sources */ = {isa = PBXBuildFile; fileRef = 1B35F6252A025E8F000D0820 /* MarkdownViewController.swift */; };
		1B3A5E5C2A07C4690097D721 /* AtributikaViews in Frameworks */ = {isa = PBXBuildFile; productRef = 1B3A5E5B2A07C4690097D721 /* AtributikaViews */; };
		1B40EE052A078C9E008B3B48 /* LaunchScreen.storyboard in Resources */ = {isa = PBXBuildFile; fileRef = 1B40EE042A078C9E008B3B48 /* LaunchScreen.storyboard */; };
		1B9D8A5029FF1DDF0043426A /* SwiftUIDemoViewController.swift in Sources */ = {isa = PBXBuildFile; fileRef = 1B9D8A4E29FF1DDF0043426A /* SwiftUIDemoViewController.swift */; };
		1B9D8A5129FF1DDF0043426A /* BrowserViewController.swift in Sources */ = {isa = PBXBuildFile; fileRef = 1B9D8A4F29FF1DDF0043426A /* BrowserViewController.swift */; };
		1BD4FF8D2A079AE300C172BA /* AtributikaMarkdown in Frameworks */ = {isa = PBXBuildFile; productRef = 1BD4FF8C2A079AE300C172BA /* AtributikaMarkdown */; };
/* End PBXBuildFile section */

/* Begin PBXFileReference section */
		1B1F705929F3BCF900DDA90D /* SPMDemo.app */ = {isa = PBXFileReference; explicitFileType = wrapper.application; includeInIndex = 0; path = SPMDemo.app; sourceTree = BUILT_PRODUCTS_DIR; };
		1B1F707029F3BD9B00DDA90D /* IBViewController.swift */ = {isa = PBXFileReference; fileEncoding = 4; lastKnownFileType = sourcecode.swift; name = IBViewController.swift; path = ../Sources/IBViewController.swift; sourceTree = SOURCE_ROOT; };
		1B1F707129F3BD9B00DDA90D /* AppDelegate.swift */ = {isa = PBXFileReference; fileEncoding = 4; lastKnownFileType = sourcecode.swift; name = AppDelegate.swift; path = ../Sources/AppDelegate.swift; sourceTree = SOURCE_ROOT; };
		1B1F707229F3BD9B00DDA90D /* Snippet.swift */ = {isa = PBXFileReference; fileEncoding = 4; lastKnownFileType = sourcecode.swift; name = Snippet.swift; path = ../Sources/Snippet.swift; sourceTree = SOURCE_ROOT; };
		1B1F707329F3BD9B00DDA90D /* SnippetsViewController.swift */ = {isa = PBXFileReference; fileEncoding = 4; lastKnownFileType = sourcecode.swift; name = SnippetsViewController.swift; path = ../Sources/SnippetsViewController.swift; sourceTree = SOURCE_ROOT; };
		1B1F707429F3BD9B00DDA90D /* AttributedLabelDemoViewController.swift */ = {isa = PBXFileReference; fileEncoding = 4; lastKnownFileType = sourcecode.swift; name = AttributedLabelDemoViewController.swift; path = ../Sources/AttributedLabelDemoViewController.swift; sourceTree = SOURCE_ROOT; };
		1B1F707B29F3BDFD00DDA90D /* Atributika */ = {isa = PBXFileReference; lastKnownFileType = wrapper; name = Atributika; path = ../..; sourceTree = "<group>"; };
		1B1F707D29F3BE1500DDA90D /* IB.storyboard */ = {isa = PBXFileReference; fileEncoding = 4; lastKnownFileType = file.storyboard; name = IB.storyboard; path = ../Sources/IB.storyboard; sourceTree = SOURCE_ROOT; };
		1B1F707E29F3BE1500DDA90D /* Assets.xcassets */ = {isa = PBXFileReference; lastKnownFileType = folder.assetcatalog; name = Assets.xcassets; path = ../Sources/Assets.xcassets; sourceTree = SOURCE_ROOT; };
		1B35F6252A025E8F000D0820 /* MarkdownViewController.swift */ = {isa = PBXFileReference; lastKnownFileType = sourcecode.swift; name = MarkdownViewController.swift; path = ../Sources/MarkdownViewController.swift; sourceTree = SOURCE_ROOT; };
		1B40EE042A078C9E008B3B48 /* LaunchScreen.storyboard */ = {isa = PBXFileReference; fileEncoding = 4; lastKnownFileType = file.storyboard; name = LaunchScreen.storyboard; path = ../Sources/LaunchScreen.storyboard; sourceTree = SOURCE_ROOT; };
		1B9D8A4E29FF1DDF0043426A /* SwiftUIDemoViewController.swift */ = {isa = PBXFileReference; fileEncoding = 4; lastKnownFileType = sourcecode.swift; name = SwiftUIDemoViewController.swift; path = ../Sources/SwiftUIDemoViewController.swift; sourceTree = SOURCE_ROOT; };
		1B9D8A4F29FF1DDF0043426A /* BrowserViewController.swift */ = {isa = PBXFileReference; fileEncoding = 4; lastKnownFileType = sourcecode.swift; name = BrowserViewController.swift; path = ../Sources/BrowserViewController.swift; sourceTree = SOURCE_ROOT; };
/* End PBXFileReference section */

/* Begin PBXFrameworksBuildPhase section */
		1B1F705629F3BCF900DDA90D /* Frameworks */ = {
			isa = PBXFrameworksBuildPhase;
			buildActionMask = 2147483647;
			files = (
				1BD4FF8D2A079AE300C172BA /* AtributikaMarkdown in Frameworks */,
				1B1F708629F3BE3E00DDA90D /* Atributika in Frameworks */,
				1B3A5E5C2A07C4690097D721 /* AtributikaViews in Frameworks */,
			);
			runOnlyForDeploymentPostprocessing = 0;
		};
/* End PBXFrameworksBuildPhase section */

/* Begin PBXGroup section */
		1B1F705029F3BCF900DDA90D = {
			isa = PBXGroup;
			children = (
				1B1F707A29F3BDFD00DDA90D /* Packages */,
				1B1F705B29F3BCF900DDA90D /* Demo */,
				1B1F705A29F3BCF900DDA90D /* Products */,
				1B1F708429F3BE3E00DDA90D /* Frameworks */,
			);
			sourceTree = "<group>";
		};
		1B1F705A29F3BCF900DDA90D /* Products */ = {
			isa = PBXGroup;
			children = (
				1B1F705929F3BCF900DDA90D /* SPMDemo.app */,
			);
			name = Products;
			sourceTree = "<group>";
		};
		1B1F705B29F3BCF900DDA90D /* Demo */ = {
			isa = PBXGroup;
			children = (
				1B40EE042A078C9E008B3B48 /* LaunchScreen.storyboard */,
				1B9D8A4F29FF1DDF0043426A /* BrowserViewController.swift */,
				1B9D8A4E29FF1DDF0043426A /* SwiftUIDemoViewController.swift */,
				1B1F707E29F3BE1500DDA90D /* Assets.xcassets */,
				1B1F707D29F3BE1500DDA90D /* IB.storyboard */,
				1B1F707129F3BD9B00DDA90D /* AppDelegate.swift */,
				1B1F707429F3BD9B00DDA90D /* AttributedLabelDemoViewController.swift */,
				1B1F707029F3BD9B00DDA90D /* IBViewController.swift */,
				1B1F707229F3BD9B00DDA90D /* Snippet.swift */,
				1B1F707329F3BD9B00DDA90D /* SnippetsViewController.swift */,
				1B35F6252A025E8F000D0820 /* MarkdownViewController.swift */,
			);
			name = Demo;
			path = ../Sources;
			sourceTree = SOURCE_ROOT;
		};
		1B1F707A29F3BDFD00DDA90D /* Packages */ = {
			isa = PBXGroup;
			children = (
				1B1F707B29F3BDFD00DDA90D /* Atributika */,
			);
			name = Packages;
			sourceTree = "<group>";
		};
		1B1F708429F3BE3E00DDA90D /* Frameworks */ = {
			isa = PBXGroup;
			children = (
			);
			name = Frameworks;
			sourceTree = "<group>";
		};
/* End PBXGroup section */

/* Begin PBXNativeTarget section */
		1B1F705829F3BCF900DDA90D /* SPMDemo */ = {
			isa = PBXNativeTarget;
			buildConfigurationList = 1B1F706D29F3BCFA00DDA90D /* Build configuration list for PBXNativeTarget "SPMDemo" */;
			buildPhases = (
				1B1F705529F3BCF900DDA90D /* Sources */,
				1B1F705629F3BCF900DDA90D /* Frameworks */,
				1B1F705729F3BCF900DDA90D /* Resources */,
			);
			buildRules = (
			);
			dependencies = (
			);
			name = SPMDemo;
			packageProductDependencies = (
				1B1F708529F3BE3E00DDA90D /* Atributika */,
				1BD4FF8C2A079AE300C172BA /* AtributikaMarkdown */,
				1B3A5E5B2A07C4690097D721 /* AtributikaViews */,
			);
			productName = SPMDemo;
			productReference = 1B1F705929F3BCF900DDA90D /* SPMDemo.app */;
			productType = "com.apple.product-type.application";
		};
/* End PBXNativeTarget section */

/* Begin PBXProject section */
		1B1F705129F3BCF900DDA90D /* Project object */ = {
			isa = PBXProject;
			attributes = {
				BuildIndependentTargetsInParallel = 1;
				LastSwiftUpdateCheck = 1430;
				LastUpgradeCheck = 1430;
				TargetAttributes = {
					1B1F705829F3BCF900DDA90D = {
						CreatedOnToolsVersion = 14.3;
						LastSwiftMigration = 1430;
					};
				};
			};
			buildConfigurationList = 1B1F705429F3BCF900DDA90D /* Build configuration list for PBXProject "SPMDemo" */;
			compatibilityVersion = "Xcode 14.0";
			developmentRegion = en;
			hasScannedForEncodings = 0;
			knownRegions = (
				en,
				Base,
			);
			mainGroup = 1B1F705029F3BCF900DDA90D;
			packageReferences = (
			);
			productRefGroup = 1B1F705A29F3BCF900DDA90D /* Products */;
			projectDirPath = "";
			projectRoot = "";
			targets = (
				1B1F705829F3BCF900DDA90D /* SPMDemo */,
			);
		};
/* End PBXProject section */

/* Begin PBXResourcesBuildPhase section */
		1B1F705729F3BCF900DDA90D /* Resources */ = {
			isa = PBXResourcesBuildPhase;
			buildActionMask = 2147483647;
			files = (
				1B40EE052A078C9E008B3B48 /* LaunchScreen.storyboard in Resources */,
				1B1F708229F3BE1500DDA90D /* Assets.xcassets in Resources */,
				1B1F708129F3BE1500DDA90D /* IB.storyboard in Resources */,
			);
			runOnlyForDeploymentPostprocessing = 0;
		};
/* End PBXResourcesBuildPhase section */

/* Begin PBXSourcesBuildPhase section */
		1B1F705529F3BCF900DDA90D /* Sources */ = {
			isa = PBXSourcesBuildPhase;
			buildActionMask = 2147483647;
			files = (
				1B1F707929F3BD9B00DDA90D /* AttributedLabelDemoViewController.swift in Sources */,
				1B9D8A5129FF1DDF0043426A /* BrowserViewController.swift in Sources */,
				1B9D8A5029FF1DDF0043426A /* SwiftUIDemoViewController.swift in Sources */,
				1B1F707829F3BD9B00DDA90D /* SnippetsViewController.swift in Sources */,
				1B1F707729F3BD9B00DDA90D /* Snippet.swift in Sources */,
				1B35F6262A025E8F000D0820 /* MarkdownViewController.swift in Sources */,
				1B1F707629F3BD9B00DDA90D /* AppDelegate.swift in Sources */,
				1B1F707529F3BD9B00DDA90D /* IBViewController.swift in Sources */,
			);
			runOnlyForDeploymentPostprocessing = 0;
		};
/* End PBXSourcesBuildPhase section */

/* Begin XCBuildConfiguration section */
		1B1F706B29F3BCFA00DDA90D /* Debug */ = {
			isa = XCBuildConfiguration;
			buildSettings = {
				ALWAYS_SEARCH_USER_PATHS = NO;
				CLANG_ANALYZER_NONNULL = YES;
				CLANG_ANALYZER_NUMBER_OBJECT_CONVERSION = YES_AGGRESSIVE;
				CLANG_CXX_LANGUAGE_STANDARD = "gnu++20";
				CLANG_ENABLE_MODULES = YES;
				CLANG_ENABLE_OBJC_ARC = YES;
				CLANG_ENABLE_OBJC_WEAK = YES;
				CLANG_WARN_BLOCK_CAPTURE_AUTORELEASING = YES;
				CLANG_WARN_BOOL_CONVERSION = YES;
				CLANG_WARN_COMMA = YES;
				CLANG_WARN_CONSTANT_CONVERSION = YES;
				CLANG_WARN_DEPRECATED_OBJC_IMPLEMENTATIONS = YES;
				CLANG_WARN_DIRECT_OBJC_ISA_USAGE = YES_ERROR;
				CLANG_WARN_DOCUMENTATION_COMMENTS = YES;
				CLANG_WARN_EMPTY_BODY = YES;
				CLANG_WARN_ENUM_CONVERSION = YES;
				CLANG_WARN_INFINITE_RECURSION = YES;
				CLANG_WARN_INT_CONVERSION = YES;
				CLANG_WARN_NON_LITERAL_NULL_CONVERSION = YES;
				CLANG_WARN_OBJC_IMPLICIT_RETAIN_SELF = YES;
				CLANG_WARN_OBJC_LITERAL_CONVERSION = YES;
				CLANG_WARN_OBJC_ROOT_CLASS = YES_ERROR;
				CLANG_WARN_QUOTED_INCLUDE_IN_FRAMEWORK_HEADER = YES;
				CLANG_WARN_RANGE_LOOP_ANALYSIS = YES;
				CLANG_WARN_STRICT_PROTOTYPES = YES;
				CLANG_WARN_SUSPICIOUS_MOVE = YES;
				CLANG_WARN_UNGUARDED_AVAILABILITY = YES_AGGRESSIVE;
				CLANG_WARN_UNREACHABLE_CODE = YES;
				CLANG_WARN__DUPLICATE_METHOD_MATCH = YES;
				COPY_PHASE_STRIP = NO;
				DEBUG_INFORMATION_FORMAT = dwarf;
				ENABLE_STRICT_OBJC_MSGSEND = YES;
				ENABLE_TESTABILITY = YES;
				GCC_C_LANGUAGE_STANDARD = gnu11;
				GCC_DYNAMIC_NO_PIC = NO;
				GCC_NO_COMMON_BLOCKS = YES;
				GCC_OPTIMIZATION_LEVEL = 0;
				GCC_PREPROCESSOR_DEFINITIONS = (
					"DEBUG=1",
					"$(inherited)",
				);
				GCC_WARN_64_TO_32_BIT_CONVERSION = YES;
				GCC_WARN_ABOUT_RETURN_TYPE = YES_ERROR;
				GCC_WARN_UNDECLARED_SELECTOR = YES;
				GCC_WARN_UNINITIALIZED_AUTOS = YES_AGGRESSIVE;
				GCC_WARN_UNUSED_FUNCTION = YES;
				GCC_WARN_UNUSED_VARIABLE = YES;
				IPHONEOS_DEPLOYMENT_TARGET = 15.0;
				MTL_ENABLE_DEBUG_INFO = INCLUDE_SOURCE;
				MTL_FAST_MATH = YES;
				ONLY_ACTIVE_ARCH = YES;
				SDKROOT = iphoneos;
				SWIFT_ACTIVE_COMPILATION_CONDITIONS = DEBUG;
				SWIFT_OPTIMIZATION_LEVEL = "-Onone";
			};
			name = Debug;
		};
		1B1F706C29F3BCFA00DDA90D /* Release */ = {
			isa = XCBuildConfiguration;
			buildSettings = {
				ALWAYS_SEARCH_USER_PATHS = NO;
				CLANG_ANALYZER_NONNULL = YES;
				CLANG_ANALYZER_NUMBER_OBJECT_CONVERSION = YES_AGGRESSIVE;
				CLANG_CXX_LANGUAGE_STANDARD = "gnu++20";
				CLANG_ENABLE_MODULES = YES;
				CLANG_ENABLE_OBJC_ARC = YES;
				CLANG_ENABLE_OBJC_WEAK = YES;
				CLANG_WARN_BLOCK_CAPTURE_AUTORELEASING = YES;
				CLANG_WARN_BOOL_CONVERSION = YES;
				CLANG_WARN_COMMA = YES;
				CLANG_WARN_CONSTANT_CONVERSION = YES;
				CLANG_WARN_DEPRECATED_OBJC_IMPLEMENTATIONS = YES;
				CLANG_WARN_DIRECT_OBJC_ISA_USAGE = YES_ERROR;
				CLANG_WARN_DOCUMENTATION_COMMENTS = YES;
				CLANG_WARN_EMPTY_BODY = YES;
				CLANG_WARN_ENUM_CONVERSION = YES;
				CLANG_WARN_INFINITE_RECURSION = YES;
				CLANG_WARN_INT_CONVERSION = YES;
				CLANG_WARN_NON_LITERAL_NULL_CONVERSION = YES;
				CLANG_WARN_OBJC_IMPLICIT_RETAIN_SELF = YES;
				CLANG_WARN_OBJC_LITERAL_CONVERSION = YES;
				CLANG_WARN_OBJC_ROOT_CLASS = YES_ERROR;
				CLANG_WARN_QUOTED_INCLUDE_IN_FRAMEWORK_HEADER = YES;
				CLANG_WARN_RANGE_LOOP_ANALYSIS = YES;
				CLANG_WARN_STRICT_PROTOTYPES = YES;
				CLANG_WARN_SUSPICIOUS_MOVE = YES;
				CLANG_WARN_UNGUARDED_AVAILABILITY = YES_AGGRESSIVE;
				CLANG_WARN_UNREACHABLE_CODE = YES;
				CLANG_WARN__DUPLICATE_METHOD_MATCH = YES;
				COPY_PHASE_STRIP = NO;
				DEBUG_INFORMATION_FORMAT = "dwarf-with-dsym";
				ENABLE_NS_ASSERTIONS = NO;
				ENABLE_STRICT_OBJC_MSGSEND = YES;
				GCC_C_LANGUAGE_STANDARD = gnu11;
				GCC_NO_COMMON_BLOCKS = YES;
				GCC_WARN_64_TO_32_BIT_CONVERSION = YES;
				GCC_WARN_ABOUT_RETURN_TYPE = YES_ERROR;
				GCC_WARN_UNDECLARED_SELECTOR = YES;
				GCC_WARN_UNINITIALIZED_AUTOS = YES_AGGRESSIVE;
				GCC_WARN_UNUSED_FUNCTION = YES;
				GCC_WARN_UNUSED_VARIABLE = YES;
				IPHONEOS_DEPLOYMENT_TARGET = 15.0;
				MTL_ENABLE_DEBUG_INFO = NO;
				MTL_FAST_MATH = YES;
				SDKROOT = iphoneos;
				SWIFT_COMPILATION_MODE = wholemodule;
				SWIFT_OPTIMIZATION_LEVEL = "-O";
				VALIDATE_PRODUCT = YES;
			};
			name = Release;
		};
		1B1F706E29F3BCFA00DDA90D /* Debug */ = {
			isa = XCBuildConfiguration;
			buildSettings = {
				ASSETCATALOG_COMPILER_APPICON_NAME = AppIcon;
				ASSETCATALOG_COMPILER_GLOBAL_ACCENT_COLOR_NAME = AccentColor;
				CLANG_ENABLE_MODULES = YES;
				CODE_SIGN_STYLE = Automatic;
				CURRENT_PROJECT_VERSION = 1;
				DEVELOPMENT_TEAM = 9SCKTYVAB7;
				GENERATE_INFOPLIST_FILE = NO;
				INFOPLIST_FILE = ../Sources/Info.plist;
				INFOPLIST_KEY_UIApplicationSupportsIndirectInputEvents = YES;
				INFOPLIST_KEY_UILaunchStoryboardName = LaunchScreen;
				INFOPLIST_KEY_UIMainStoryboardFile = Main;
				INFOPLIST_KEY_UISupportedInterfaceOrientations_iPad = "UIInterfaceOrientationPortrait UIInterfaceOrientationPortraitUpsideDown UIInterfaceOrientationLandscapeLeft UIInterfaceOrientationLandscapeRight";
				INFOPLIST_KEY_UISupportedInterfaceOrientations_iPhone = "UIInterfaceOrientationPortrait UIInterfaceOrientationLandscapeLeft UIInterfaceOrientationLandscapeRight";
				IPHONEOS_DEPLOYMENT_TARGET = 15.0;
				LD_RUNPATH_SEARCH_PATHS = (
					"$(inherited)",
					"@executable_path/Frameworks",
				);
				MARKETING_VERSION = 1.0;
				OTHER_SWIFT_FLAGS = "-DMARKDOWN";
				PRODUCT_BUNDLE_IDENTIFIER = test.psharanda.Atributika.SPMDemo;
				PRODUCT_NAME = "$(TARGET_NAME)";
				SWIFT_EMIT_LOC_STRINGS = YES;
				SWIFT_OPTIMIZATION_LEVEL = "-Onone";
				SWIFT_VERSION = 5.0;
				TARGETED_DEVICE_FAMILY = "1,2";
			};
			name = Debug;
		};
		1B1F706F29F3BCFA00DDA90D /* Release */ = {
			isa = XCBuildConfiguration;
			buildSettings = {
				ASSETCATALOG_COMPILER_APPICON_NAME = AppIcon;
				ASSETCATALOG_COMPILER_GLOBAL_ACCENT_COLOR_NAME = AccentColor;
				CLANG_ENABLE_MODULES = YES;
				CODE_SIGN_STYLE = Automatic;
				CURRENT_PROJECT_VERSION = 1;
				DEVELOPMENT_TEAM = 9SCKTYVAB7;
				GENERATE_INFOPLIST_FILE = NO;
				INFOPLIST_FILE = ../Sources/Info.plist;
				INFOPLIST_KEY_UIApplicationSupportsIndirectInputEvents = YES;
				INFOPLIST_KEY_UILaunchStoryboardName = LaunchScreen;
				INFOPLIST_KEY_UIMainStoryboardFile = Main;
				INFOPLIST_KEY_UISupportedInterfaceOrientations_iPad = "UIInterfaceOrientationPortrait UIInterfaceOrientationPortraitUpsideDown UIInterfaceOrientationLandscapeLeft UIInterfaceOrientationLandscapeRight";
				INFOPLIST_KEY_UISupportedInterfaceOrientations_iPhone = "UIInterfaceOrientationPortrait UIInterfaceOrientationLandscapeLeft UIInterfaceOrientationLandscapeRight";
				IPHONEOS_DEPLOYMENT_TARGET = 15.0;
				LD_RUNPATH_SEARCH_PATHS = (
					"$(inherited)",
					"@executable_path/Frameworks",
				);
				MARKETING_VERSION = 1.0;
				OTHER_SWIFT_FLAGS = "-DMARKDOWN";
				PRODUCT_BUNDLE_IDENTIFIER = test.psharanda.Atributika.SPMDemo;
				PRODUCT_NAME = "$(TARGET_NAME)";
				SWIFT_EMIT_LOC_STRINGS = YES;
				SWIFT_VERSION = 5.0;
				TARGETED_DEVICE_FAMILY = "1,2";
			};
			name = Release;
		};
/* End XCBuildConfiguration section */

/* Begin XCConfigurationList section */
		1B1F705429F3BCF900DDA90D /* Build configuration list for PBXProject "SPMDemo" */ = {
			isa = XCConfigurationList;
			buildConfigurations = (
				1B1F706B29F3BCFA00DDA90D /* Debug */,
				1B1F706C29F3BCFA00DDA90D /* Release */,
			);
			defaultConfigurationIsVisible = 0;
			defaultConfigurationName = Release;
		};
		1B1F706D29F3BCFA00DDA90D /* Build configuration list for PBXNativeTarget "SPMDemo" */ = {
			isa = XCConfigurationList;
			buildConfigurations = (
				1B1F706E29F3BCFA00DDA90D /* Debug */,
				1B1F706F29F3BCFA00DDA90D /* Release */,
			);
			defaultConfigurationIsVisible = 0;
			defaultConfigurationName = Release;
		};
/* End XCConfigurationList section */

/* Begin XCSwiftPackageProductDependency section */
		1B1F708529F3BE3E00DDA90D /* Atributika */ = {
			isa = XCSwiftPackageProductDependency;
			productName = Atributika;
		};
		1B3A5E5B2A07C4690097D721 /* AtributikaViews */ = {
			isa = XCSwiftPackageProductDependency;
			productName = AtributikaViews;
		};
		1BD4FF8C2A079AE300C172BA /* AtributikaMarkdown */ = {
			isa = XCSwiftPackageProductDependency;
			productName = AtributikaMarkdown;
		};
/* End XCSwiftPackageProductDependency section */
	};
	rootObject = 1B1F705129F3BCF900DDA90D /* Project object */;
}
