// !$*UTF8*$!
{
	archiveVersion = 1;
	classes = {
	};
	objectVersion = 56;
	objects = {

/* Begin PBXBuildFile section */
		1B1F70B029F3C01A00DDA90D /* AppDelegate.swift in Sources */ = {isa = PBXBuildFile; fileRef = 1B1F70A729F3C01800DDA90D /* AppDelegate.swift */; };
		1B1F70B129F3C01A00DDA90D /* IB.storyboard in Resources */ = {isa = PBXBuildFile; fileRef = 1B1F70A829F3C01900DDA90D /* IB.storyboard */; };
		1B1F70B329F3C01A00DDA90D /* AttributedLabelDemoViewController.swift in Sources */ = {isa = PBXBuildFile; fileRef = 1B1F70AA29F3C01900DDA90D /* AttributedLabelDemoViewController.swift */; };
		1B1F70B429F3C01A00DDA90D /* Snippet.swift in Sources */ = {isa = PBXBuildFile; fileRef = 1B1F70AB29F3C01900DDA90D /* Snippet.swift */; };
		1B1F70B529F3C01A00DDA90D /* IBViewController.swift in Sources */ = {isa = PBXBuildFile; fileRef = 1B1F70AC29F3C01900DDA90D /* IBViewController.swift */; };
		1B1F70B629F3C01A00DDA90D /* Assets.xcassets in Resources */ = {isa = PBXBuildFile; fileRef = 1B1F70AD29F3C01900DDA90D /* Assets.xcassets */; };
		1B1F70B729F3C01A00DDA90D /* Base.lproj in Resources */ = {isa = PBXBuildFile; fileRef = 1B1F70AE29F3C01900DDA90D /* Base.lproj */; };
		1B1F70B829F3C01A00DDA90D /* SnippetsViewController.swift in Sources */ = {isa = PBXBuildFile; fileRef = 1B1F70AF29F3C01A00DDA90D /* SnippetsViewController.swift */; };
		1B1F70BB29F3C56E00DDA90D /* Atributika.xcframework in Frameworks */ = {isa = PBXBuildFile; fileRef = 1B1F70BA29F3C56E00DDA90D /* Atributika.xcframework */; };
		1B1F70BC29F3C56E00DDA90D /* Atributika.xcframework in Embed Frameworks */ = {isa = PBXBuildFile; fileRef = 1B1F70BA29F3C56E00DDA90D /* Atributika.xcframework */; settings = {ATTRIBUTES = (CodeSignOnCopy, RemoveHeadersOnCopy, ); }; };
/* End PBXBuildFile section */

/* Begin PBXCopyFilesBuildPhase section */
		1B1F70BD29F3C56F00DDA90D /* Embed Frameworks */ = {
			isa = PBXCopyFilesBuildPhase;
			buildActionMask = 2147483647;
			dstPath = "";
			dstSubfolderSpec = 10;
			files = (
				1B1F70BC29F3C56E00DDA90D /* Atributika.xcframework in Embed Frameworks */,
			);
			name = "Embed Frameworks";
			runOnlyForDeploymentPostprocessing = 0;
		};
/* End PBXCopyFilesBuildPhase section */

/* Begin PBXFileReference section */
		1B1F709029F3BFFC00DDA90D /* CarthageDemo.app */ = {isa = PBXFileReference; explicitFileType = wrapper.application; includeInIndex = 0; path = CarthageDemo.app; sourceTree = BUILT_PRODUCTS_DIR; };
		1B1F70A729F3C01800DDA90D /* AppDelegate.swift */ = {isa = PBXFileReference; fileEncoding = 4; lastKnownFileType = sourcecode.swift; name = AppDelegate.swift; path = ../../../Demo/AppDelegate.swift; sourceTree = "<group>"; };
		1B1F70A829F3C01900DDA90D /* IB.storyboard */ = {isa = PBXFileReference; fileEncoding = 4; lastKnownFileType = file.storyboard; name = IB.storyboard; path = ../../../Demo/IB.storyboard; sourceTree = "<group>"; };
		1B1F70A929F3C01900DDA90D /* Info.plist */ = {isa = PBXFileReference; fileEncoding = 4; lastKnownFileType = text.plist.xml; name = Info.plist; path = ../../../Demo/Info.plist; sourceTree = "<group>"; };
		1B1F70AA29F3C01900DDA90D /* AttributedLabelDemoViewController.swift */ = {isa = PBXFileReference; fileEncoding = 4; lastKnownFileType = sourcecode.swift; name = AttributedLabelDemoViewController.swift; path = ../../../Demo/AttributedLabelDemoViewController.swift; sourceTree = "<group>"; };
		1B1F70AB29F3C01900DDA90D /* Snippet.swift */ = {isa = PBXFileReference; fileEncoding = 4; lastKnownFileType = sourcecode.swift; name = Snippet.swift; path = ../../../Demo/Snippet.swift; sourceTree = "<group>"; };
		1B1F70AC29F3C01900DDA90D /* IBViewController.swift */ = {isa = PBXFileReference; fileEncoding = 4; lastKnownFileType = sourcecode.swift; name = IBViewController.swift; path = ../../../Demo/IBViewController.swift; sourceTree = "<group>"; };
		1B1F70AD29F3C01900DDA90D /* Assets.xcassets */ = {isa = PBXFileReference; lastKnownFileType = folder.assetcatalog; name = Assets.xcassets; path = ../../../Demo/Assets.xcassets; sourceTree = "<group>"; };
		1B1F70AE29F3C01900DDA90D /* Base.lproj */ = {isa = PBXFileReference; lastKnownFileType = folder; name = Base.lproj; path = ../../../Demo/Base.lproj; sourceTree = "<group>"; };
		1B1F70AF29F3C01A00DDA90D /* SnippetsViewController.swift */ = {isa = PBXFileReference; fileEncoding = 4; lastKnownFileType = sourcecode.swift; name = SnippetsViewController.swift; path = ../../../Demo/SnippetsViewController.swift; sourceTree = "<group>"; };
		1B1F70BA29F3C56E00DDA90D /* Atributika.xcframework */ = {isa = PBXFileReference; lastKnownFileType = wrapper.xcframework; name = Atributika.xcframework; path = Carthage/Build/Atributika.xcframework; sourceTree = "<group>"; };
/* End PBXFileReference section */

/* Begin PBXFrameworksBuildPhase section */
		1B1F708D29F3BFFC00DDA90D /* Frameworks */ = {
			isa = PBXFrameworksBuildPhase;
			buildActionMask = 2147483647;
			files = (
				1B1F70BB29F3C56E00DDA90D /* Atributika.xcframework in Frameworks */,
			);
			runOnlyForDeploymentPostprocessing = 0;
		};
/* End PBXFrameworksBuildPhase section */

/* Begin PBXGroup section */
		1B1F708729F3BFFC00DDA90D = {
			isa = PBXGroup;
			children = (
				1B1F709229F3BFFC00DDA90D /* CarthageDemo */,
				1B1F709129F3BFFC00DDA90D /* Products */,
				1B1F70B929F3C56E00DDA90D /* Frameworks */,
			);
			sourceTree = "<group>";
		};
		1B1F709129F3BFFC00DDA90D /* Products */ = {
			isa = PBXGroup;
			children = (
				1B1F709029F3BFFC00DDA90D /* CarthageDemo.app */,
			);
			name = Products;
			sourceTree = "<group>";
		};
		1B1F709229F3BFFC00DDA90D /* CarthageDemo */ = {
			isa = PBXGroup;
			children = (
				1B1F70A729F3C01800DDA90D /* AppDelegate.swift */,
				1B1F70AD29F3C01900DDA90D /* Assets.xcassets */,
				1B1F70AA29F3C01900DDA90D /* AttributedLabelDemoViewController.swift */,
				1B1F70AE29F3C01900DDA90D /* Base.lproj */,
				1B1F70A829F3C01900DDA90D /* IB.storyboard */,
				1B1F70AC29F3C01900DDA90D /* IBViewController.swift */,
				1B1F70A929F3C01900DDA90D /* Info.plist */,
				1B1F70AB29F3C01900DDA90D /* Snippet.swift */,
				1B1F70AF29F3C01A00DDA90D /* SnippetsViewController.swift */,
			);
			path = CarthageDemo;
			sourceTree = "<group>";
		};
		1B1F70B929F3C56E00DDA90D /* Frameworks */ = {
			isa = PBXGroup;
			children = (
				1B1F70BA29F3C56E00DDA90D /* Atributika.xcframework */,
			);
			name = Frameworks;
			sourceTree = "<group>";
		};
/* End PBXGroup section */

/* Begin PBXNativeTarget section */
		1B1F708F29F3BFFC00DDA90D /* CarthageDemo */ = {
			isa = PBXNativeTarget;
			buildConfigurationList = 1B1F70A429F3BFFD00DDA90D /* Build configuration list for PBXNativeTarget "CarthageDemo" */;
			buildPhases = (
				1B1F708C29F3BFFC00DDA90D /* Sources */,
				1B1F708D29F3BFFC00DDA90D /* Frameworks */,
				1B1F708E29F3BFFC00DDA90D /* Resources */,
				1B1F70BD29F3C56F00DDA90D /* Embed Frameworks */,
			);
			buildRules = (
			);
			dependencies = (
			);
			name = CarthageDemo;
			productName = CarthageDemo;
			productReference = 1B1F709029F3BFFC00DDA90D /* CarthageDemo.app */;
			productType = "com.apple.product-type.application";
		};
/* End PBXNativeTarget section */

/* Begin PBXProject section */
		1B1F708829F3BFFC00DDA90D /* Project object */ = {
			isa = PBXProject;
			attributes = {
				BuildIndependentTargetsInParallel = 1;
				LastSwiftUpdateCheck = 1430;
				LastUpgradeCheck = 1430;
				TargetAttributes = {
					1B1F708F29F3BFFC00DDA90D = {
						CreatedOnToolsVersion = 14.3;
						LastSwiftMigration = 1430;
					};
				};
			};
			buildConfigurationList = 1B1F708B29F3BFFC00DDA90D /* Build configuration list for PBXProject "CarthageDemo" */;
			compatibilityVersion = "Xcode 14.0";
			developmentRegion = en;
			hasScannedForEncodings = 0;
			knownRegions = (
				en,
				Base,
			);
			mainGroup = 1B1F708729F3BFFC00DDA90D;
			productRefGroup = 1B1F709129F3BFFC00DDA90D /* Products */;
			projectDirPath = "";
			projectRoot = "";
			targets = (
				1B1F708F29F3BFFC00DDA90D /* CarthageDemo */,
			);
		};
/* End PBXProject section */

/* Begin PBXResourcesBuildPhase section */
		1B1F708E29F3BFFC00DDA90D /* Resources */ = {
			isa = PBXResourcesBuildPhase;
			buildActionMask = 2147483647;
			files = (
				1B1F70B629F3C01A00DDA90D /* Assets.xcassets in Resources */,
				1B1F70B729F3C01A00DDA90D /* Base.lproj in Resources */,
				1B1F70B129F3C01A00DDA90D /* IB.storyboard in Resources */,
			);
			runOnlyForDeploymentPostprocessing = 0;
		};
/* End PBXResourcesBuildPhase section */

/* Begin PBXSourcesBuildPhase section */
		1B1F708C29F3BFFC00DDA90D /* Sources */ = {
			isa = PBXSourcesBuildPhase;
			buildActionMask = 2147483647;
			files = (
				1B1F70B829F3C01A00DDA90D /* SnippetsViewController.swift in Sources */,
				1B1F70B429F3C01A00DDA90D /* Snippet.swift in Sources */,
				1B1F70B329F3C01A00DDA90D /* AttributedLabelDemoViewController.swift in Sources */,
				1B1F70B029F3C01A00DDA90D /* AppDelegate.swift in Sources */,
				1B1F70B529F3C01A00DDA90D /* IBViewController.swift in Sources */,
			);
			runOnlyForDeploymentPostprocessing = 0;
		};
/* End PBXSourcesBuildPhase section */

/* Begin XCBuildConfiguration section */
		1B1F70A229F3BFFD00DDA90D /* Debug */ = {
			isa = XCBuildConfiguration;
			buildSettings = {
				ALWAYS_SEARCH_USER_PATHS = NO;
				CLANG_ANALYZER_NONNULL = YES;
				CLANG_ANALYZER_NUMBER_OBJECT_CONVERSION = YES_AGGRESSIVE;
				CLANG_CXX_LANGUAGE_STANDARD = "gnu++20";
				CLANG_ENABLE_MODULES = YES;
				CLANG_ENABLE_OBJC_ARC = YES;
				CLANG_ENABLE_OBJC_WEAK = YES;
				CLANG_WARN_BLOCK_CAPTURE_AUTORELEASING = YES;
				CLANG_WARN_BOOL_CONVERSION = YES;
				CLANG_WARN_COMMA = YES;
				CLANG_WARN_CONSTANT_CONVERSION = YES;
				CLANG_WARN_DEPRECATED_OBJC_IMPLEMENTATIONS = YES;
				CLANG_WARN_DIRECT_OBJC_ISA_USAGE = YES_ERROR;
				CLANG_WARN_DOCUMENTATION_COMMENTS = YES;
				CLANG_WARN_EMPTY_BODY = YES;
				CLANG_WARN_ENUM_CONVERSION = YES;
				CLANG_WARN_INFINITE_RECURSION = YES;
				CLANG_WARN_INT_CONVERSION = YES;
				CLANG_WARN_NON_LITERAL_NULL_CONVERSION = YES;
				CLANG_WARN_OBJC_IMPLICIT_RETAIN_SELF = YES;
				CLANG_WARN_OBJC_LITERAL_CONVERSION = YES;
				CLANG_WARN_OBJC_ROOT_CLASS = YES_ERROR;
				CLANG_WARN_QUOTED_INCLUDE_IN_FRAMEWORK_HEADER = YES;
				CLANG_WARN_RANGE_LOOP_ANALYSIS = YES;
				CLANG_WARN_STRICT_PROTOTYPES = YES;
				CLANG_WARN_SUSPICIOUS_MOVE = YES;
				CLANG_WARN_UNGUARDED_AVAILABILITY = YES_AGGRESSIVE;
				CLANG_WARN_UNREACHABLE_CODE = YES;
				CLANG_WARN__DUPLICATE_METHOD_MATCH = YES;
				COPY_PHASE_STRIP = NO;
				DEBUG_INFORMATION_FORMAT = dwarf;
				ENABLE_STRICT_OBJC_MSGSEND = YES;
				ENABLE_TESTABILITY = YES;
				GCC_C_LANGUAGE_STANDARD = gnu11;
				GCC_DYNAMIC_NO_PIC = NO;
				GCC_NO_COMMON_BLOCKS = YES;
				GCC_OPTIMIZATION_LEVEL = 0;
				GCC_PREPROCESSOR_DEFINITIONS = (
					"DEBUG=1",
					"$(inherited)",
				);
				GCC_WARN_64_TO_32_BIT_CONVERSION = YES;
				GCC_WARN_ABOUT_RETURN_TYPE = YES_ERROR;
				GCC_WARN_UNDECLARED_SELECTOR = YES;
				GCC_WARN_UNINITIALIZED_AUTOS = YES_AGGRESSIVE;
				GCC_WARN_UNUSED_FUNCTION = YES;
				GCC_WARN_UNUSED_VARIABLE = YES;
				IPHONEOS_DEPLOYMENT_TARGET = 16.4;
				MTL_ENABLE_DEBUG_INFO = INCLUDE_SOURCE;
				MTL_FAST_MATH = YES;
				ONLY_ACTIVE_ARCH = YES;
				SDKROOT = iphoneos;
				SWIFT_ACTIVE_COMPILATION_CONDITIONS = DEBUG;
				SWIFT_OPTIMIZATION_LEVEL = "-Onone";
			};
			name = Debug;
		};
		1B1F70A329F3BFFD00DDA90D /* Release */ = {
			isa = XCBuildConfiguration;
			buildSettings = {
				ALWAYS_SEARCH_USER_PATHS = NO;
				CLANG_ANALYZER_NONNULL = YES;
				CLANG_ANALYZER_NUMBER_OBJECT_CONVERSION = YES_AGGRESSIVE;
				CLANG_CXX_LANGUAGE_STANDARD = "gnu++20";
				CLANG_ENABLE_MODULES = YES;
				CLANG_ENABLE_OBJC_ARC = YES;
				CLANG_ENABLE_OBJC_WEAK = YES;
				CLANG_WARN_BLOCK_CAPTURE_AUTORELEASING = YES;
				CLANG_WARN_BOOL_CONVERSION = YES;
				CLANG_WARN_COMMA = YES;
				CLANG_WARN_CONSTANT_CONVERSION = YES;
				CLANG_WARN_DEPRECATED_OBJC_IMPLEMENTATIONS = YES;
				CLANG_WARN_DIRECT_OBJC_ISA_USAGE = YES_ERROR;
				CLANG_WARN_DOCUMENTATION_COMMENTS = YES;
				CLANG_WARN_EMPTY_BODY = YES;
				CLANG_WARN_ENUM_CONVERSION = YES;
				CLANG_WARN_INFINITE_RECURSION = YES;
				CLANG_WARN_INT_CONVERSION = YES;
				CLANG_WARN_NON_LITERAL_NULL_CONVERSION = YES;
				CLANG_WARN_OBJC_IMPLICIT_RETAIN_SELF = YES;
				CLANG_WARN_OBJC_LITERAL_CONVERSION = YES;
				CLANG_WARN_OBJC_ROOT_CLASS = YES_ERROR;
				CLANG_WARN_QUOTED_INCLUDE_IN_FRAMEWORK_HEADER = YES;
				CLANG_WARN_RANGE_LOOP_ANALYSIS = YES;
				CLANG_WARN_STRICT_PROTOTYPES = YES;
				CLANG_WARN_SUSPICIOUS_MOVE = YES;
				CLANG_WARN_UNGUARDED_AVAILABILITY = YES_AGGRESSIVE;
				CLANG_WARN_UNREACHABLE_CODE = YES;
				CLANG_WARN__DUPLICATE_METHOD_MATCH = YES;
				COPY_PHASE_STRIP = NO;
				DEBUG_INFORMATION_FORMAT = "dwarf-with-dsym";
				ENABLE_NS_ASSERTIONS = NO;
				ENABLE_STRICT_OBJC_MSGSEND = YES;
				GCC_C_LANGUAGE_STANDARD = gnu11;
				GCC_NO_COMMON_BLOCKS = YES;
				GCC_WARN_64_TO_32_BIT_CONVERSION = YES;
				GCC_WARN_ABOUT_RETURN_TYPE = YES_ERROR;
				GCC_WARN_UNDECLARED_SELECTOR = YES;
				GCC_WARN_UNINITIALIZED_AUTOS = YES_AGGRESSIVE;
				GCC_WARN_UNUSED_FUNCTION = YES;
				GCC_WARN_UNUSED_VARIABLE = YES;
				IPHONEOS_DEPLOYMENT_TARGET = 16.4;
				MTL_ENABLE_DEBUG_INFO = NO;
				MTL_FAST_MATH = YES;
				SDKROOT = iphoneos;
				SWIFT_COMPILATION_MODE = wholemodule;
				SWIFT_OPTIMIZATION_LEVEL = "-O";
				VALIDATE_PRODUCT = YES;
			};
			name = Release;
		};
		1B1F70A529F3BFFD00DDA90D /* Debug */ = {
			isa = XCBuildConfiguration;
			buildSettings = {
				ASSETCATALOG_COMPILER_APPICON_NAME = AppIcon;
				ASSETCATALOG_COMPILER_GLOBAL_ACCENT_COLOR_NAME = AccentColor;
				CLANG_ENABLE_MODULES = YES;
				CODE_SIGN_STYLE = Automatic;
				CURRENT_PROJECT_VERSION = 1;
				DEVELOPMENT_TEAM = 9SCKTYVAB7;
				GENERATE_INFOPLIST_FILE = NO;
				INFOPLIST_FILE = ../../Demo/Info.plist;
				INFOPLIST_KEY_UIApplicationSupportsIndirectInputEvents = YES;
				INFOPLIST_KEY_UILaunchStoryboardName = LaunchScreen;
				INFOPLIST_KEY_UIMainStoryboardFile = Main;
				INFOPLIST_KEY_UISupportedInterfaceOrientations_iPad = "UIInterfaceOrientationPortrait UIInterfaceOrientationPortraitUpsideDown UIInterfaceOrientationLandscapeLeft UIInterfaceOrientationLandscapeRight";
				INFOPLIST_KEY_UISupportedInterfaceOrientations_iPhone = "UIInterfaceOrientationPortrait UIInterfaceOrientationLandscapeLeft UIInterfaceOrientationLandscapeRight";
				LD_RUNPATH_SEARCH_PATHS = (
					"$(inherited)",
					"@executable_path/Frameworks",
				);
				MARKETING_VERSION = 1.0;
				PRODUCT_BUNDLE_IDENTIFIER = test.psharanda.Atributika.CarthageDemo;
				PRODUCT_NAME = "$(TARGET_NAME)";
				SWIFT_EMIT_LOC_STRINGS = YES;
				SWIFT_OPTIMIZATION_LEVEL = "-Onone";
				SWIFT_VERSION = 5.0;
				TARGETED_DEVICE_FAMILY = "1,2";
			};
			name = Debug;
		};
		1B1F70A629F3BFFD00DDA90D /* Release */ = {
			isa = XCBuildConfiguration;
			buildSettings = {
				ASSETCATALOG_COMPILER_APPICON_NAME = AppIcon;
				ASSETCATALOG_COMPILER_GLOBAL_ACCENT_COLOR_NAME = AccentColor;
				CLANG_ENABLE_MODULES = YES;
				CODE_SIGN_STYLE = Automatic;
				CURRENT_PROJECT_VERSION = 1;
				DEVELOPMENT_TEAM = 9SCKTYVAB7;
				GENERATE_INFOPLIST_FILE = NO;
				INFOPLIST_FILE = ../../Demo/Info.plist;
				INFOPLIST_KEY_UIApplicationSupportsIndirectInputEvents = YES;
				INFOPLIST_KEY_UILaunchStoryboardName = LaunchScreen;
				INFOPLIST_KEY_UIMainStoryboardFile = Main;
				INFOPLIST_KEY_UISupportedInterfaceOrientations_iPad = "UIInterfaceOrientationPortrait UIInterfaceOrientationPortraitUpsideDown UIInterfaceOrientationLandscapeLeft UIInterfaceOrientationLandscapeRight";
				INFOPLIST_KEY_UISupportedInterfaceOrientations_iPhone = "UIInterfaceOrientationPortrait UIInterfaceOrientationLandscapeLeft UIInterfaceOrientationLandscapeRight";
				LD_RUNPATH_SEARCH_PATHS = (
					"$(inherited)",
					"@executable_path/Frameworks",
				);
				MARKETING_VERSION = 1.0;
				PRODUCT_BUNDLE_IDENTIFIER = test.psharanda.Atributika.CarthageDemo;
				PRODUCT_NAME = "$(TARGET_NAME)";
				SWIFT_EMIT_LOC_STRINGS = YES;
				SWIFT_VERSION = 5.0;
				TARGETED_DEVICE_FAMILY = "1,2";
			};
			name = Release;
		};
/* End XCBuildConfiguration section */

/* Begin XCConfigurationList section */
		1B1F708B29F3BFFC00DDA90D /* Build configuration list for PBXProject "CarthageDemo" */ = {
			isa = XCConfigurationList;
			buildConfigurations = (
				1B1F70A229F3BFFD00DDA90D /* Debug */,
				1B1F70A329F3BFFD00DDA90D /* Release */,
			);
			defaultConfigurationIsVisible = 0;
			defaultConfigurationName = Release;
		};
		1B1F70A429F3BFFD00DDA90D /* Build configuration list for PBXNativeTarget "CarthageDemo" */ = {
			isa = XCConfigurationList;
			buildConfigurations = (
				1B1F70A529F3BFFD00DDA90D /* Debug */,
				1B1F70A629F3BFFD00DDA90D /* Release */,
			);
			defaultConfigurationIsVisible = 0;
			defaultConfigurationName = Release;
		};
/* End XCConfigurationList section */
	};
	rootObject = 1B1F708829F3BFFC00DDA90D /* Project object */;
}
