// !$*UTF8*$!
{
	archiveVersion = 1;
	classes = {
	};
	objectVersion = 56;
	objects = {

/* Begin PBXBuildFile section */
		1B1F704829F3B87D00DDA90D /* Assets.xcassets in Resources */ = {isa = PBXBuildFile; fileRef = 1B1F704029F3B87D00DDA90D /* Assets.xcassets */; };
		1B1F704929F3B87D00DDA90D /* Base.lproj in Resources */ = {isa = PBXBuildFile; fileRef = 1B1F704129F3B87D00DDA90D /* Base.lproj */; };
		1B1F704A29F3B87D00DDA90D /* IBViewController.swift in Sources */ = {isa = PBXBuildFile; fileRef = 1B1F704229F3B87D00DDA90D /* IBViewController.swift */; };
		1B1F704B29F3B87D00DDA90D /* SnippetsViewController.swift in Sources */ = {isa = PBXBuildFile; fileRef = 1B1F704329F3B87D00DDA90D /* SnippetsViewController.swift */; };
		1B1F704C29F3B87D00DDA90D /* AttributedLabelDemoViewController.swift in Sources */ = {isa = PBXBuildFile; fileRef = 1B1F704429F3B87D00DDA90D /* AttributedLabelDemoViewController.swift */; };
		1B1F704D29F3B87D00DDA90D /* AppDelegate.swift in Sources */ = {isa = PBXBuildFile; fileRef = 1B1F704529F3B87D00DDA90D /* AppDelegate.swift */; };
		1B1F704E29F3B87D00DDA90D /* Snippet.swift in Sources */ = {isa = PBXBuildFile; fileRef = 1B1F704629F3B87D00DDA90D /* Snippet.swift */; };
		1B1F704F29F3B87D00DDA90D /* IB.storyboard in Resources */ = {isa = PBXBuildFile; fileRef = 1B1F704729F3B87D00DDA90D /* IB.storyboard */; };
		1B9D8A5429FF20D20043426A /* SwiftUIDemoViewController.swift in Sources */ = {isa = PBXBuildFile; fileRef = 1B9D8A5229FF20D20043426A /* SwiftUIDemoViewController.swift */; };
		1B9D8A5529FF20D20043426A /* BrowserViewController.swift in Sources */ = {isa = PBXBuildFile; fileRef = 1B9D8A5329FF20D20043426A /* BrowserViewController.swift */; };
		AF9926E4397C525452BA71E2 /* Pods_CocoaPodsDemo.framework in Frameworks */ = {isa = PBXBuildFile; fileRef = 3BC3CC8AB549DA5DD1C19027 /* Pods_CocoaPodsDemo.framework */; };
/* End PBXBuildFile section */

/* Begin PBXFileReference section */
		16119C18E16AFEB1E47CA6A6 /* Pods-CocoaPodsDemo.release.xcconfig */ = {isa = PBXFileReference; includeInIndex = 1; lastKnownFileType = text.xcconfig; name = "Pods-CocoaPodsDemo.release.xcconfig"; path = "Target Support Files/Pods-CocoaPodsDemo/Pods-CocoaPodsDemo.release.xcconfig"; sourceTree = "<group>"; };
		1B1F702929F3B51600DDA90D /* CocoaPodsDemo.app */ = {isa = PBXFileReference; explicitFileType = wrapper.application; includeInIndex = 0; path = CocoaPodsDemo.app; sourceTree = BUILT_PRODUCTS_DIR; };
		1B1F703829F3B51700DDA90D /* Base */ = {isa = PBXFileReference; lastKnownFileType = file.storyboard; name = Base; path = Base.lproj/LaunchScreen.storyboard; sourceTree = "<group>"; };
		1B1F704029F3B87D00DDA90D /* Assets.xcassets */ = {isa = PBXFileReference; lastKnownFileType = folder.assetcatalog; name = Assets.xcassets; path = ../../../Demo/Assets.xcassets; sourceTree = "<group>"; };
		1B1F704129F3B87D00DDA90D /* Base.lproj */ = {isa = PBXFileReference; lastKnownFileType = folder; name = Base.lproj; path = ../../../Demo/Base.lproj; sourceTree = "<group>"; };
		1B1F704229F3B87D00DDA90D /* IBViewController.swift */ = {isa = PBXFileReference; fileEncoding = 4; lastKnownFileType = sourcecode.swift; name = IBViewController.swift; path = ../../../Demo/IBViewController.swift; sourceTree = "<group>"; };
		1B1F704329F3B87D00DDA90D /* SnippetsViewController.swift */ = {isa = PBXFileReference; fileEncoding = 4; lastKnownFileType = sourcecode.swift; name = SnippetsViewController.swift; path = ../../../Demo/SnippetsViewController.swift; sourceTree = "<group>"; };
		1B1F704429F3B87D00DDA90D /* AttributedLabelDemoViewController.swift */ = {isa = PBXFileReference; fileEncoding = 4; lastKnownFileType = sourcecode.swift; name = AttributedLabelDemoViewController.swift; path = ../../../Demo/AttributedLabelDemoViewController.swift; sourceTree = "<group>"; };
		1B1F704529F3B87D00DDA90D /* AppDelegate.swift */ = {isa = PBXFileReference; fileEncoding = 4; lastKnownFileType = sourcecode.swift; name = AppDelegate.swift; path = ../../../Demo/AppDelegate.swift; sourceTree = "<group>"; };
		1B1F704629F3B87D00DDA90D /* Snippet.swift */ = {isa = PBXFileReference; fileEncoding = 4; lastKnownFileType = sourcecode.swift; name = Snippet.swift; path = ../../../Demo/Snippet.swift; sourceTree = "<group>"; };
		1B1F704729F3B87D00DDA90D /* IB.storyboard */ = {isa = PBXFileReference; fileEncoding = 4; lastKnownFileType = file.storyboard; name = IB.storyboard; path = ../../../Demo/IB.storyboard; sourceTree = "<group>"; };
		1B9D8A5229FF20D20043426A /* SwiftUIDemoViewController.swift */ = {isa = PBXFileReference; fileEncoding = 4; lastKnownFileType = sourcecode.swift; name = SwiftUIDemoViewController.swift; path = ../../../Demo/SwiftUIDemoViewController.swift; sourceTree = "<group>"; };
		1B9D8A5329FF20D20043426A /* BrowserViewController.swift */ = {isa = PBXFileReference; fileEncoding = 4; lastKnownFileType = sourcecode.swift; name = BrowserViewController.swift; path = ../../../Demo/BrowserViewController.swift; sourceTree = "<group>"; };
		3BC3CC8AB549DA5DD1C19027 /* Pods_CocoaPodsDemo.framework */ = {isa = PBXFileReference; explicitFileType = wrapper.framework; includeInIndex = 0; path = Pods_CocoaPodsDemo.framework; sourceTree = BUILT_PRODUCTS_DIR; };
		A6C49C0E0DDFA64DA67BDD5E /* Pods-CocoaPodsDemo.debug.xcconfig */ = {isa = PBXFileReference; includeInIndex = 1; lastKnownFileType = text.xcconfig; name = "Pods-CocoaPodsDemo.debug.xcconfig"; path = "Target Support Files/Pods-CocoaPodsDemo/Pods-CocoaPodsDemo.debug.xcconfig"; sourceTree = "<group>"; };
/* End PBXFileReference section */

/* Begin PBXFrameworksBuildPhase section */
		1B1F702629F3B51600DDA90D /* Frameworks */ = {
			isa = PBXFrameworksBuildPhase;
			buildActionMask = 2147483647;
			files = (
				AF9926E4397C525452BA71E2 /* Pods_CocoaPodsDemo.framework in Frameworks */,
			);
			runOnlyForDeploymentPostprocessing = 0;
		};
/* End PBXFrameworksBuildPhase section */

/* Begin PBXGroup section */
		10B6FA1251C7D13428478819 /* Frameworks */ = {
			isa = PBXGroup;
			children = (
				3BC3CC8AB549DA5DD1C19027 /* Pods_CocoaPodsDemo.framework */,
			);
			name = Frameworks;
			sourceTree = "<group>";
		};
		1B1F702029F3B51600DDA90D = {
			isa = PBXGroup;
			children = (
				1B1F702B29F3B51600DDA90D /* CocoaPodsDemo */,
				1B1F702A29F3B51600DDA90D /* Products */,
				8C063AD8360C05D0CDC4A3C6 /* Pods */,
				10B6FA1251C7D13428478819 /* Frameworks */,
			);
			sourceTree = "<group>";
		};
		1B1F702A29F3B51600DDA90D /* Products */ = {
			isa = PBXGroup;
			children = (
				1B1F702929F3B51600DDA90D /* CocoaPodsDemo.app */,
			);
			name = Products;
			sourceTree = "<group>";
		};
		1B1F702B29F3B51600DDA90D /* CocoaPodsDemo */ = {
			isa = PBXGroup;
			children = (
				1B1F704529F3B87D00DDA90D /* AppDelegate.swift */,
				1B1F704029F3B87D00DDA90D /* Assets.xcassets */,
				1B1F704429F3B87D00DDA90D /* AttributedLabelDemoViewController.swift */,
				1B1F704129F3B87D00DDA90D /* Base.lproj */,
				1B1F704729F3B87D00DDA90D /* IB.storyboard */,
				1B1F704229F3B87D00DDA90D /* IBViewController.swift */,
				1B1F704629F3B87D00DDA90D /* Snippet.swift */,
				1B1F704329F3B87D00DDA90D /* SnippetsViewController.swift */,
				1B1F703729F3B51700DDA90D /* LaunchScreen.storyboard */,
				1B9D8A5329FF20D20043426A /* BrowserViewController.swift */,
				1B9D8A5229FF20D20043426A /* SwiftUIDemoViewController.swift */,
			);
			path = CocoaPodsDemo;
			sourceTree = "<group>";
		};
		8C063AD8360C05D0CDC4A3C6 /* Pods */ = {
			isa = PBXGroup;
			children = (
				A6C49C0E0DDFA64DA67BDD5E /* Pods-CocoaPodsDemo.debug.xcconfig */,
				16119C18E16AFEB1E47CA6A6 /* Pods-CocoaPodsDemo.release.xcconfig */,
			);
			path = Pods;
			sourceTree = "<group>";
		};
/* End PBXGroup section */

/* Begin PBXNativeTarget section */
		1B1F702829F3B51600DDA90D /* CocoaPodsDemo */ = {
			isa = PBXNativeTarget;
			buildConfigurationList = 1B1F703D29F3B51700DDA90D /* Build configuration list for PBXNativeTarget "CocoaPodsDemo" */;
			buildPhases = (
				6F999E653209DBB612F9F03E /* [CP] Check Pods Manifest.lock */,
				1B1F702529F3B51600DDA90D /* Sources */,
				1B1F702629F3B51600DDA90D /* Frameworks */,
				1B1F702729F3B51600DDA90D /* Resources */,
				13A2DE734D6CF26EDE1696AC /* [CP] Embed Pods Frameworks */,
			);
			buildRules = (
			);
			dependencies = (
			);
			name = CocoaPodsDemo;
			productName = CocoaPodsDemo;
			productReference = 1B1F702929F3B51600DDA90D /* CocoaPodsDemo.app */;
			productType = "com.apple.product-type.application";
		};
/* End PBXNativeTarget section */

/* Begin PBXProject section */
		1B1F702129F3B51600DDA90D /* Project object */ = {
			isa = PBXProject;
			attributes = {
				BuildIndependentTargetsInParallel = 1;
				LastSwiftUpdateCheck = 1430;
				LastUpgradeCheck = 1430;
				TargetAttributes = {
					1B1F702829F3B51600DDA90D = {
						CreatedOnToolsVersion = 14.3;
					};
				};
			};
			buildConfigurationList = 1B1F702429F3B51600DDA90D /* Build configuration list for PBXProject "CocoaPodsDemo" */;
			compatibilityVersion = "Xcode 14.0";
			developmentRegion = en;
			hasScannedForEncodings = 0;
			knownRegions = (
				en,
				Base,
			);
			mainGroup = 1B1F702029F3B51600DDA90D;
			productRefGroup = 1B1F702A29F3B51600DDA90D /* Products */;
			projectDirPath = "";
			projectRoot = "";
			targets = (
				1B1F702829F3B51600DDA90D /* CocoaPodsDemo */,
			);
		};
/* End PBXProject section */

/* Begin PBXResourcesBuildPhase section */
		1B1F702729F3B51600DDA90D /* Resources */ = {
			isa = PBXResourcesBuildPhase;
			buildActionMask = 2147483647;
			files = (
				1B1F704F29F3B87D00DDA90D /* IB.storyboard in Resources */,
				1B1F704929F3B87D00DDA90D /* Base.lproj in Resources */,
				1B1F704829F3B87D00DDA90D /* Assets.xcassets in Resources */,
			);
			runOnlyForDeploymentPostprocessing = 0;
		};
/* End PBXResourcesBuildPhase section */

/* Begin PBXShellScriptBuildPhase section */
		13A2DE734D6CF26EDE1696AC /* [CP] Embed Pods Frameworks */ = {
			isa = PBXShellScriptBuildPhase;
			buildActionMask = 2147483647;
			files = (
			);
			inputFileListPaths = (
				"${PODS_ROOT}/Target Support Files/Pods-CocoaPodsDemo/Pods-CocoaPodsDemo-frameworks-${CONFIGURATION}-input-files.xcfilelist",
			);
			name = "[CP] Embed Pods Frameworks";
			outputFileListPaths = (
				"${PODS_ROOT}/Target Support Files/Pods-CocoaPodsDemo/Pods-CocoaPodsDemo-frameworks-${CONFIGURATION}-output-files.xcfilelist",
			);
			runOnlyForDeploymentPostprocessing = 0;
			shellPath = /bin/sh;
			shellScript = "\"${PODS_ROOT}/Target Support Files/Pods-CocoaPodsDemo/Pods-CocoaPodsDemo-frameworks.sh\"\n";
			showEnvVarsInLog = 0;
		};
		6F999E653209DBB612F9F03E /* [CP] Check Pods Manifest.lock */ = {
			isa = PBXShellScriptBuildPhase;
			buildActionMask = 2147483647;
			files = (
			);
			inputFileListPaths = (
			);
			inputPaths = (
				"${PODS_PODFILE_DIR_PATH}/Podfile.lock",
				"${PODS_ROOT}/Manifest.lock",
			);
			name = "[CP] Check Pods Manifest.lock";
			outputFileListPaths = (
			);
			outputPaths = (
				"$(DERIVED_FILE_DIR)/Pods-CocoaPodsDemo-checkManifestLockResult.txt",
			);
			runOnlyForDeploymentPostprocessing = 0;
			shellPath = /bin/sh;
			shellScript = "diff \"${PODS_PODFILE_DIR_PATH}/Podfile.lock\" \"${PODS_ROOT}/Manifest.lock\" > /dev/null\nif [ $? != 0 ] ; then\n    # print error to STDERR\n    echo \"error: The sandbox is not in sync with the Podfile.lock. Run 'pod install' or update your CocoaPods installation.\" >&2\n    exit 1\nfi\n# This output is used by Xcode 'outputs' to avoid re-running this script phase.\necho \"SUCCESS\" > \"${SCRIPT_OUTPUT_FILE_0}\"\n";
			showEnvVarsInLog = 0;
		};
/* End PBXShellScriptBuildPhase section */

/* Begin PBXSourcesBuildPhase section */
		1B1F702529F3B51600DDA90D /* Sources */ = {
			isa = PBXSourcesBuildPhase;
			buildActionMask = 2147483647;
			files = (
				1B1F704C29F3B87D00DDA90D /* AttributedLabelDemoViewController.swift in Sources */,
				1B9D8A5529FF20D20043426A /* BrowserViewController.swift in Sources */,
				1B9D8A5429FF20D20043426A /* SwiftUIDemoViewController.swift in Sources */,
				1B1F704B29F3B87D00DDA90D /* SnippetsViewController.swift in Sources */,
				1B1F704E29F3B87D00DDA90D /* Snippet.swift in Sources */,
				1B1F704D29F3B87D00DDA90D /* AppDelegate.swift in Sources */,
				1B1F704A29F3B87D00DDA90D /* IBViewController.swift in Sources */,
			);
			runOnlyForDeploymentPostprocessing = 0;
		};
/* End PBXSourcesBuildPhase section */

/* Begin PBXVariantGroup section */
		1B1F703729F3B51700DDA90D /* LaunchScreen.storyboard */ = {
			isa = PBXVariantGroup;
			children = (
				1B1F703829F3B51700DDA90D /* Base */,
			);
			name = LaunchScreen.storyboard;
			sourceTree = "<group>";
		};
/* End PBXVariantGroup section */

/* Begin XCBuildConfiguration section */
		1B1F703B29F3B51700DDA90D /* Debug */ = {
			isa = XCBuildConfiguration;
			buildSettings = {
				ALWAYS_SEARCH_USER_PATHS = NO;
				CLANG_ANALYZER_NONNULL = YES;
				CLANG_ANALYZER_NUMBER_OBJECT_CONVERSION = YES_AGGRESSIVE;
				CLANG_CXX_LANGUAGE_STANDARD = "gnu++20";
				CLANG_ENABLE_MODULES = YES;
				CLANG_ENABLE_OBJC_ARC = YES;
				CLANG_ENABLE_OBJC_WEAK = YES;
				CLANG_WARN_BLOCK_CAPTURE_AUTORELEASING = YES;
				CLANG_WARN_BOOL_CONVERSION = YES;
				CLANG_WARN_COMMA = YES;
				CLANG_WARN_CONSTANT_CONVERSION = YES;
				CLANG_WARN_DEPRECATED_OBJC_IMPLEMENTATIONS = YES;
				CLANG_WARN_DIRECT_OBJC_ISA_USAGE = YES_ERROR;
				CLANG_WARN_DOCUMENTATION_COMMENTS = YES;
				CLANG_WARN_EMPTY_BODY = YES;
				CLANG_WARN_ENUM_CONVERSION = YES;
				CLANG_WARN_INFINITE_RECURSION = YES;
				CLANG_WARN_INT_CONVERSION = YES;
				CLANG_WARN_NON_LITERAL_NULL_CONVERSION = YES;
				CLANG_WARN_OBJC_IMPLICIT_RETAIN_SELF = YES;
				CLANG_WARN_OBJC_LITERAL_CONVERSION = YES;
				CLANG_WARN_OBJC_ROOT_CLASS = YES_ERROR;
				CLANG_WARN_QUOTED_INCLUDE_IN_FRAMEWORK_HEADER = YES;
				CLANG_WARN_RANGE_LOOP_ANALYSIS = YES;
				CLANG_WARN_STRICT_PROTOTYPES = YES;
				CLANG_WARN_SUSPICIOUS_MOVE = YES;
				CLANG_WARN_UNGUARDED_AVAILABILITY = YES_AGGRESSIVE;
				CLANG_WARN_UNREACHABLE_CODE = YES;
				CLANG_WARN__DUPLICATE_METHOD_MATCH = YES;
				COPY_PHASE_STRIP = NO;
				DEBUG_INFORMATION_FORMAT = dwarf;
				ENABLE_STRICT_OBJC_MSGSEND = YES;
				ENABLE_TESTABILITY = YES;
				GCC_C_LANGUAGE_STANDARD = gnu11;
				GCC_DYNAMIC_NO_PIC = NO;
				GCC_NO_COMMON_BLOCKS = YES;
				GCC_OPTIMIZATION_LEVEL = 0;
				GCC_PREPROCESSOR_DEFINITIONS = (
					"DEBUG=1",
					"$(inherited)",
				);
				GCC_WARN_64_TO_32_BIT_CONVERSION = YES;
				GCC_WARN_ABOUT_RETURN_TYPE = YES_ERROR;
				GCC_WARN_UNDECLARED_SELECTOR = YES;
				GCC_WARN_UNINITIALIZED_AUTOS = YES_AGGRESSIVE;
				GCC_WARN_UNUSED_FUNCTION = YES;
				GCC_WARN_UNUSED_VARIABLE = YES;
				IPHONEOS_DEPLOYMENT_TARGET = 16.4;
				MTL_ENABLE_DEBUG_INFO = INCLUDE_SOURCE;
				MTL_FAST_MATH = YES;
				ONLY_ACTIVE_ARCH = YES;
				SDKROOT = iphoneos;
				SWIFT_ACTIVE_COMPILATION_CONDITIONS = DEBUG;
				SWIFT_OPTIMIZATION_LEVEL = "-Onone";
			};
			name = Debug;
		};
		1B1F703C29F3B51700DDA90D /* Release */ = {
			isa = XCBuildConfiguration;
			buildSettings = {
				ALWAYS_SEARCH_USER_PATHS = NO;
				CLANG_ANALYZER_NONNULL = YES;
				CLANG_ANALYZER_NUMBER_OBJECT_CONVERSION = YES_AGGRESSIVE;
				CLANG_CXX_LANGUAGE_STANDARD = "gnu++20";
				CLANG_ENABLE_MODULES = YES;
				CLANG_ENABLE_OBJC_ARC = YES;
				CLANG_ENABLE_OBJC_WEAK = YES;
				CLANG_WARN_BLOCK_CAPTURE_AUTORELEASING = YES;
				CLANG_WARN_BOOL_CONVERSION = YES;
				CLANG_WARN_COMMA = YES;
				CLANG_WARN_CONSTANT_CONVERSION = YES;
				CLANG_WARN_DEPRECATED_OBJC_IMPLEMENTATIONS = YES;
				CLANG_WARN_DIRECT_OBJC_ISA_USAGE = YES_ERROR;
				CLANG_WARN_DOCUMENTATION_COMMENTS = YES;
				CLANG_WARN_EMPTY_BODY = YES;
				CLANG_WARN_ENUM_CONVERSION = YES;
				CLANG_WARN_INFINITE_RECURSION = YES;
				CLANG_WARN_INT_CONVERSION = YES;
				CLANG_WARN_NON_LITERAL_NULL_CONVERSION = YES;
				CLANG_WARN_OBJC_IMPLICIT_RETAIN_SELF = YES;
				CLANG_WARN_OBJC_LITERAL_CONVERSION = YES;
				CLANG_WARN_OBJC_ROOT_CLASS = YES_ERROR;
				CLANG_WARN_QUOTED_INCLUDE_IN_FRAMEWORK_HEADER = YES;
				CLANG_WARN_RANGE_LOOP_ANALYSIS = YES;
				CLANG_WARN_STRICT_PROTOTYPES = YES;
				CLANG_WARN_SUSPICIOUS_MOVE = YES;
				CLANG_WARN_UNGUARDED_AVAILABILITY = YES_AGGRESSIVE;
				CLANG_WARN_UNREACHABLE_CODE = YES;
				CLANG_WARN__DUPLICATE_METHOD_MATCH = YES;
				COPY_PHASE_STRIP = NO;
				DEBUG_INFORMATION_FORMAT = "dwarf-with-dsym";
				ENABLE_NS_ASSERTIONS = NO;
				ENABLE_STRICT_OBJC_MSGSEND = YES;
				GCC_C_LANGUAGE_STANDARD = gnu11;
				GCC_NO_COMMON_BLOCKS = YES;
				GCC_WARN_64_TO_32_BIT_CONVERSION = YES;
				GCC_WARN_ABOUT_RETURN_TYPE = YES_ERROR;
				GCC_WARN_UNDECLARED_SELECTOR = YES;
				GCC_WARN_UNINITIALIZED_AUTOS = YES_AGGRESSIVE;
				GCC_WARN_UNUSED_FUNCTION = YES;
				GCC_WARN_UNUSED_VARIABLE = YES;
				IPHONEOS_DEPLOYMENT_TARGET = 16.4;
				MTL_ENABLE_DEBUG_INFO = NO;
				MTL_FAST_MATH = YES;
				SDKROOT = iphoneos;
				SWIFT_COMPILATION_MODE = wholemodule;
				SWIFT_OPTIMIZATION_LEVEL = "-O";
				VALIDATE_PRODUCT = YES;
			};
			name = Release;
		};
		1B1F703E29F3B51700DDA90D /* Debug */ = {
			isa = XCBuildConfiguration;
			baseConfigurationReference = A6C49C0E0DDFA64DA67BDD5E /* Pods-CocoaPodsDemo.debug.xcconfig */;
			buildSettings = {
				ASSETCATALOG_COMPILER_APPICON_NAME = AppIcon;
				ASSETCATALOG_COMPILER_GLOBAL_ACCENT_COLOR_NAME = AccentColor;
				CODE_SIGN_STYLE = Automatic;
				CURRENT_PROJECT_VERSION = 1;
				DEVELOPMENT_TEAM = 9SCKTYVAB7;
				GENERATE_INFOPLIST_FILE = NO;
				INFOPLIST_FILE = ../../Demo/Info.plist;
				INFOPLIST_KEY_UIApplicationSupportsIndirectInputEvents = YES;
				INFOPLIST_KEY_UILaunchStoryboardName = LaunchScreen;
				INFOPLIST_KEY_UISupportedInterfaceOrientations_iPad = "UIInterfaceOrientationPortrait UIInterfaceOrientationPortraitUpsideDown UIInterfaceOrientationLandscapeLeft UIInterfaceOrientationLandscapeRight";
				INFOPLIST_KEY_UISupportedInterfaceOrientations_iPhone = "UIInterfaceOrientationPortrait UIInterfaceOrientationLandscapeLeft UIInterfaceOrientationLandscapeRight";
				IPHONEOS_DEPLOYMENT_TARGET = 13.0;
				LD_RUNPATH_SEARCH_PATHS = (
					"$(inherited)",
					"@executable_path/Frameworks",
				);
				MARKETING_VERSION = 1.0;
				PRODUCT_BUNDLE_IDENTIFIER = test.psharanda.Atributika.CocoaPodsDemo;
				PRODUCT_NAME = "$(TARGET_NAME)";
				SWIFT_EMIT_LOC_STRINGS = YES;
				SWIFT_VERSION = 5.0;
				TARGETED_DEVICE_FAMILY = "1,2";
			};
			name = Debug;
		};
		1B1F703F29F3B51700DDA90D /* Release */ = {
			isa = XCBuildConfiguration;
			baseConfigurationReference = 16119C18E16AFEB1E47CA6A6 /* Pods-CocoaPodsDemo.release.xcconfig */;
			buildSettings = {
				ASSETCATALOG_COMPILER_APPICON_NAME = AppIcon;
				ASSETCATALOG_COMPILER_GLOBAL_ACCENT_COLOR_NAME = AccentColor;
				CODE_SIGN_STYLE = Automatic;
				CURRENT_PROJECT_VERSION = 1;
				DEVELOPMENT_TEAM = 9SCKTYVAB7;
				GENERATE_INFOPLIST_FILE = NO;
				INFOPLIST_FILE = ../../Demo/Info.plist;
				INFOPLIST_KEY_UIApplicationSupportsIndirectInputEvents = YES;
				INFOPLIST_KEY_UILaunchStoryboardName = LaunchScreen;
				INFOPLIST_KEY_UISupportedInterfaceOrientations_iPad = "UIInterfaceOrientationPortrait UIInterfaceOrientationPortraitUpsideDown UIInterfaceOrientationLandscapeLeft UIInterfaceOrientationLandscapeRight";
				INFOPLIST_KEY_UISupportedInterfaceOrientations_iPhone = "UIInterfaceOrientationPortrait UIInterfaceOrientationLandscapeLeft UIInterfaceOrientationLandscapeRight";
				IPHONEOS_DEPLOYMENT_TARGET = 13.0;
				LD_RUNPATH_SEARCH_PATHS = (
					"$(inherited)",
					"@executable_path/Frameworks",
				);
				MARKETING_VERSION = 1.0;
				PRODUCT_BUNDLE_IDENTIFIER = test.psharanda.Atributika.CocoaPodsDemo;
				PRODUCT_NAME = "$(TARGET_NAME)";
				SWIFT_EMIT_LOC_STRINGS = YES;
				SWIFT_VERSION = 5.0;
				TARGETED_DEVICE_FAMILY = "1,2";
			};
			name = Release;
		};
/* End XCBuildConfiguration section */

/* Begin XCConfigurationList section */
		1B1F702429F3B51600DDA90D /* Build configuration list for PBXProject "CocoaPodsDemo" */ = {
			isa = XCConfigurationList;
			buildConfigurations = (
				1B1F703B29F3B51700DDA90D /* Debug */,
				1B1F703C29F3B51700DDA90D /* Release */,
			);
			defaultConfigurationIsVisible = 0;
			defaultConfigurationName = Release;
		};
		1B1F703D29F3B51700DDA90D /* Build configuration list for PBXNativeTarget "CocoaPodsDemo" */ = {
			isa = XCConfigurationList;
			buildConfigurations = (
				1B1F703E29F3B51700DDA90D /* Debug */,
				1B1F703F29F3B51700DDA90D /* Release */,
			);
			defaultConfigurationIsVisible = 0;
			defaultConfigurationName = Release;
		};
/* End XCConfigurationList section */
	};
	rootObject = 1B1F702129F3B51600DDA90D /* Project object */;
}
