PODS:
  - Atributika (5.0.0)

DEPENDENCIES:
  - Atributika (from `../../Atributika.podspec`)

EXTERNAL SOURCES:
  Atributika:
    :path: "../../Atributika.podspec"

SPEC CHECKSUMS:
  Atributika: 961989319acd9c99eec2b6cf57938108f95794b7

PODFILE CHECKSUM: 95dd3dd2f8f10cd6e3aeb6f9f56fdcf42a953c8b

COCOAPODS: 1.12.1
